
Microsoft Visual Studio Solution File, Format Version 12.00
# Visual Studio Version 17
VisualStudioVersion = 17.14.36414.22 d17.14
MinimumVisualStudioVersion = 10.0.40219.1
Project("{FAE04EC0-301F-11D3-BF4B-00C04F79EFBC}") = "Playlist_circular_con_prev_next", "Playlist_circular_con_prev_next.csproj", "{0F55DBE4-FDE5-4551-A597-C7B8991E7394}"
EndProject
Global
	GlobalSection(SolutionConfigurationPlatforms) = preSolution
		Debug|Any CPU = Debug|Any CPU
		Release|Any CPU = Release|Any CPU
	EndGlobalSection
	GlobalSection(ProjectConfigurationPlatforms) = postSolution
		{0F55DBE4-FDE5-4551-A597-C7B8991E7394}.Debug|Any CPU.ActiveCfg = Debug|Any CPU
		{0F55DBE4-FDE5-4551-A597-C7B8991E7394}.Debug|Any CPU.Build.0 = Debug|Any CPU
		{0F55DBE4-FDE5-4551-A597-C7B8991E7394}.Release|Any CPU.ActiveCfg = Release|Any CPU
		{0F55DBE4-FDE5-4551-A597-C7B8991E7394}.Release|Any CPU.Build.0 = Release|Any CPU
	EndGlobalSection
	GlobalSection(SolutionProperties) = preSolution
		HideSolutionNode = FALSE
	EndGlobalSection
	GlobalSection(ExtensibilityGlobals) = postSolution
		SolutionGuid = {F32C8BE3-5990-4733-BF79-90AB4A5C343A}
	EndGlobalSection
EndGlobal
